
Microsoft Visual Studio Solution File, Format Version 12.00
# Visual Studio 15
VisualStudioVersion = 15.0.28010.2036
MinimumVisualStudioVersion = 10.0.40219.1
Project("{FAE04EC0-301F-11D3-BF4B-00C04F79EFBC}") = "SAROJ_SEVA_SANSTHAN", "SAROJ_SEVA_SANSTHAN\SAROJ_SEVA_SANSTHAN.csproj", "{6A52E9CF-A9D3-41DE-8E12-AA4619C23AC8}"
EndProject
Global
	GlobalSection(SolutionConfigurationPlatforms) = preSolution
		Debug|Any CPU = Debug|Any CPU
		Release|Any CPU = Release|Any CPU
	EndGlobalSection
	GlobalSection(ProjectConfigurationPlatforms) = postSolution
		{6A52E9CF-A9D3-41DE-8E12-AA4619C23AC8}.Debug|Any CPU.ActiveCfg = Debug|Any CPU
		{6A52E9CF-A9D3-41DE-8E12-AA4619C23AC8}.Debug|Any CPU.Build.0 = Debug|Any CPU
		{6A52E9CF-A9D3-41DE-8E12-AA4619C23AC8}.Release|Any CPU.ActiveCfg = Release|Any CPU
		{6A52E9CF-A9D3-41DE-8E12-AA4619C23AC8}.Release|Any CPU.Build.0 = Release|Any CPU
	EndGlobalSection
	GlobalSection(SolutionProperties) = preSolution
		HideSolutionNode = FALSE
	EndGlobalSection
	GlobalSection(ExtensibilityGlobals) = postSolution
		SolutionGuid = {E13FED1F-22FF-4ECD-9EC2-B46EB4FF4976}
	EndGlobalSection
EndGlobal
